// !$*UTF8*$!
{
	archiveVersion = 1;
	classes = {
	};
	objectVersion = 46;
	objects = {

/* Begin PBXBuildFile section */
		38B136DFD47540C18913D650 /* libPods.a in Frameworks */ = {isa = PBXBuildFile; fileRef = EFEA3BF1EC8242E485E23BF5 /* libPods.a */; };
		627960BD1888047D00474BCE /* TUIListActivitiesViewController.m in Sources */ = {isa = PBXBuildFile; fileRef = 627960BC1888047D00474BCE /* TUIListActivitiesViewController.m */; };
		627960C0188804D900474BCE /* TUIListActivitiesCell.m in Sources */ = {isa = PBXBuildFile; fileRef = 627960BF188804D900474BCE /* TUIListActivitiesCell.m */; };
		627A41851889390300926DB6 /* tmp in Resources */ = {isa = PBXBuildFile; fileRef = 627A41841889390300926DB6 /* tmp */; };
		627A418918893CE600926DB6 /* MapKit.framework in Frameworks */ = {isa = PBXBuildFile; fileRef = 627A418818893CE600926DB6 /* MapKit.framework */; };
		6282BF0D18895E86005CC250 /* mapa.plist in Resources */ = {isa = PBXBuildFile; fileRef = 6282BF0C18895E86005CC250 /* mapa.plist */; };
		76D727A8187C523900F3545E /* Foundation.framework in Frameworks */ = {isa = PBXBuildFile; fileRef = 76D727A7187C523900F3545E /* Foundation.framework */; };
		76D727AA187C523900F3545E /* CoreGraphics.framework in Frameworks */ = {isa = PBXBuildFile; fileRef = 76D727A9187C523900F3545E /* CoreGraphics.framework */; };
		76D727AC187C523900F3545E /* UIKit.framework in Frameworks */ = {isa = PBXBuildFile; fileRef = 76D727AB187C523900F3545E /* UIKit.framework */; };
		76D727B2187C523A00F3545E /* InfoPlist.strings in Resources */ = {isa = PBXBuildFile; fileRef = 76D727B0187C523A00F3545E /* InfoPlist.strings */; };
		76D727B4187C523A00F3545E /* main.m in Sources */ = {isa = PBXBuildFile; fileRef = 76D727B3187C523A00F3545E /* main.m */; };
		76D727B8187C523A00F3545E /* TUIAppDelegate.m in Sources */ = {isa = PBXBuildFile; fileRef = 76D727B7187C523A00F3545E /* TUIAppDelegate.m */; };
		76D727BB187C523A00F3545E /* Main.storyboard in Resources */ = {isa = PBXBuildFile; fileRef = 76D727B9187C523A00F3545E /* Main.storyboard */; };
		76D727C0187C523A00F3545E /* Images.xcassets in Resources */ = {isa = PBXBuildFile; fileRef = 76D727BF187C523A00F3545E /* Images.xcassets */; };
		76D727C7187C523A00F3545E /* XCTest.framework in Frameworks */ = {isa = PBXBuildFile; fileRef = 76D727C6187C523A00F3545E /* XCTest.framework */; };
		76D727C8187C523A00F3545E /* Foundation.framework in Frameworks */ = {isa = PBXBuildFile; fileRef = 76D727A7187C523900F3545E /* Foundation.framework */; };
		76D727C9187C523A00F3545E /* UIKit.framework in Frameworks */ = {isa = PBXBuildFile; fileRef = 76D727AB187C523900F3545E /* UIKit.framework */; };
		76D727D1187C523A00F3545E /* InfoPlist.strings in Resources */ = {isa = PBXBuildFile; fileRef = 76D727CF187C523A00F3545E /* InfoPlist.strings */; };
		76D727EE187C5CC500F3545E /* TUIBaseController.m in Sources */ = {isa = PBXBuildFile; fileRef = 76D727EA187C5CC500F3545E /* TUIBaseController.m */; };
		76D727EF187C5CC500F3545E /* TUIBaseViewController.m in Sources */ = {isa = PBXBuildFile; fileRef = 76D727ED187C5CC500F3545E /* TUIBaseViewController.m */; };
		76D727F5187C5CDB00F3545E /* TUIBaseMapAnnotation.m in Sources */ = {isa = PBXBuildFile; fileRef = 76D727F1187C5CDB00F3545E /* TUIBaseMapAnnotation.m */; };
		76D727F6187C5CDB00F3545E /* TUIBaseModel.m in Sources */ = {isa = PBXBuildFile; fileRef = 76D727F3187C5CDB00F3545E /* TUIBaseModel.m */; };
		76D727FD187C5CF000F3545E /* TUIBaseLabel.m in Sources */ = {isa = PBXBuildFile; fileRef = 76D727F9187C5CF000F3545E /* TUIBaseLabel.m */; };
		76D727FE187C5CF000F3545E /* TUIBaseView.m in Sources */ = {isa = PBXBuildFile; fileRef = 76D727FC187C5CF000F3545E /* TUIBaseView.m */; };
		76D7280A187C5D6F00F3545E /* NSString+TUIString.m in Sources */ = {isa = PBXBuildFile; fileRef = 76D72807187C5D6F00F3545E /* NSString+TUIString.m */; };
		76D7280B187C5D6F00F3545E /* UIColor+TUIColors.m in Sources */ = {isa = PBXBuildFile; fileRef = 76D72809187C5D6F00F3545E /* UIColor+TUIColors.m */; };
		76D72810187C5D8400F3545E /* TUITitleView.m in Sources */ = {isa = PBXBuildFile; fileRef = 76D7280D187C5D8400F3545E /* TUITitleView.m */; };
		76D72811187C5D8400F3545E /* UIBarButtonItem+BackBarButtonItem.m in Sources */ = {isa = PBXBuildFile; fileRef = 76D7280F187C5D8400F3545E /* UIBarButtonItem+BackBarButtonItem.m */; };
		76D72818187C62B600F3545E /* NSString+TUIStringSpec.m in Sources */ = {isa = PBXBuildFile; fileRef = 76D72817187C62B600F3545E /* NSString+TUIStringSpec.m */; };
		76D7281B187C62D000F3545E /* TUIBaseMapAnnotationSpec.m in Sources */ = {isa = PBXBuildFile; fileRef = 76D72819187C62D000F3545E /* TUIBaseMapAnnotationSpec.m */; };
		76D7281C187C62D000F3545E /* TUIBaseModelSpec.m in Sources */ = {isa = PBXBuildFile; fileRef = 76D7281A187C62D000F3545E /* TUIBaseModelSpec.m */; };
		76D7281F187C62E100F3545E /* TUIBaseControllerSpec.m in Sources */ = {isa = PBXBuildFile; fileRef = 76D7281D187C62E100F3545E /* TUIBaseControllerSpec.m */; };
		76D72820187C62E100F3545E /* TUIBaseViewControllerSpec.m in Sources */ = {isa = PBXBuildFile; fileRef = 76D7281E187C62E100F3545E /* TUIBaseViewControllerSpec.m */; };
		76D72823187D440800F3545E /* TUISearchViewController.m in Sources */ = {isa = PBXBuildFile; fileRef = 76D72822187D440800F3545E /* TUISearchViewController.m */; };
		76D7282E187D629C00F3545E /* Localizable.strings in Resources */ = {isa = PBXBuildFile; fileRef = 76D7282C187D629C00F3545E /* Localizable.strings */; };
		76D72838187D98F200F3545E /* TUISettingsViewController.m in Sources */ = {isa = PBXBuildFile; fileRef = 76D72837187D98F200F3545E /* TUISettingsViewController.m */; };
		76D7283E187D990000F3545E /* TUISettingsWeatherView.m in Sources */ = {isa = PBXBuildFile; fileRef = 76D7283C187D990000F3545E /* TUISettingsWeatherView.m */; };
		76D72841187DA84600F3545E /* TUISettingsLocationView.m in Sources */ = {isa = PBXBuildFile; fileRef = 76D72840187DA84600F3545E /* TUISettingsLocationView.m */; };
		76D72844187DBA2200F3545E /* TUISettingsTimeView.m in Sources */ = {isa = PBXBuildFile; fileRef = 76D72843187DBA2200F3545E /* TUISettingsTimeView.m */; };
		76D72849187EC7BE00F3545E /* TUICache.m in Sources */ = {isa = PBXBuildFile; fileRef = 76D72848187EC7BE00F3545E /* TUICache.m */; };
		76D7284C187EC87F00F3545E /* TUIBaseCachedModel.m in Sources */ = {isa = PBXBuildFile; fileRef = 76D7284B187EC87F00F3545E /* TUIBaseCachedModel.m */; };
		76D7284E187EC91100F3545E /* TUIBaseCachedModelSpec.m in Sources */ = {isa = PBXBuildFile; fileRef = 76D7284D187EC91100F3545E /* TUIBaseCachedModelSpec.m */; };
		76D72853187ECA8B00F3545E /* NSDictionary+JSON.m in Sources */ = {isa = PBXBuildFile; fileRef = 76D72850187ECA8B00F3545E /* NSDictionary+JSON.m */; };
		76D72854187ECA8B00F3545E /* NSString+JSON.m in Sources */ = {isa = PBXBuildFile; fileRef = 76D72852187ECA8B00F3545E /* NSString+JSON.m */; };
		76D7285A187ECBE400F3545E /* TUICacheSpec.m in Sources */ = {isa = PBXBuildFile; fileRef = 76D72857187ECBE400F3545E /* TUICacheSpec.m */; };
		76D7285B187ECBE400F3545E /* TUITestSerializableObject.m in Sources */ = {isa = PBXBuildFile; fileRef = 76D72859187ECBE400F3545E /* TUITestSerializableObject.m */; };
		76D7285F187ECE0000F3545E /* TUISettings.m in Sources */ = {isa = PBXBuildFile; fileRef = 76D7285E187ECE0000F3545E /* TUISettings.m */; };
		76D72865187EDA5900F3545E /* TUISettingsSpec.m in Sources */ = {isa = PBXBuildFile; fileRef = 76D72864187EDA5900F3545E /* TUISettingsSpec.m */; };
		76D72867187FF5B100F3545E /* NSString+JSONSpec.m in Sources */ = {isa = PBXBuildFile; fileRef = 76D72866187FF5B100F3545E /* NSString+JSONSpec.m */; };
		76D72869187FF9CB00F3545E /* NSDictionary+JSONSpec.m in Sources */ = {isa = PBXBuildFile; fileRef = 76D72868187FF9CB00F3545E /* NSDictionary+JSONSpec.m */; };
		76D7286C1880003C00F3545E /* TUISettingsViewControllerSpec.m in Sources */ = {isa = PBXBuildFile; fileRef = 76D7286B1880003C00F3545E /* TUISettingsViewControllerSpec.m */; };
		76D728711880197E00F3545E /* TUINetworkClient.m in Sources */ = {isa = PBXBuildFile; fileRef = 76D728701880197E00F3545E /* TUINetworkClient.m */; };
		76D728781883DBA000F3545E /* TUIServerError.m in Sources */ = {isa = PBXBuildFile; fileRef = 76D728771883DBA000F3545E /* TUIServerError.m */; };
		76D7287B1883DC3C00F3545E /* TUIServerErrorParser.m in Sources */ = {isa = PBXBuildFile; fileRef = 76D7287A1883DC3C00F3545E /* TUIServerErrorParser.m */; };
		76D7287F1883DEF700F3545E /* TUIServerErrorSpec.m in Sources */ = {isa = PBXBuildFile; fileRef = 76D7287E1883DEF700F3545E /* TUIServerErrorSpec.m */; };
		76D728811883E06800F3545E /* TUIServerErrorParserSpec.m in Sources */ = {isa = PBXBuildFile; fileRef = 76D728801883E06800F3545E /* TUIServerErrorParserSpec.m */; };
		76D728851883E80D00F3545E /* TUINetworkClientSpec.m in Sources */ = {isa = PBXBuildFile; fileRef = 76D728841883E80D00F3545E /* TUINetworkClientSpec.m */; };
		76D7288D18841CF200F3545E /* TUIApplicationController.m in Sources */ = {isa = PBXBuildFile; fileRef = 76D7288C18841CF200F3545E /* TUIApplicationController.m */; };
		76D7289018854B4200F3545E /* images in Resources */ = {isa = PBXBuildFile; fileRef = 76D7288F18854B4200F3545E /* images */; };
		76D728951885585F00F3545E /* TUISpot.m in Sources */ = {isa = PBXBuildFile; fileRef = 76D728941885585F00F3545E /* TUISpot.m */; };
		CBBCF2A1B6554BAAA61B6040 /* libPods-RadarTests.a in Frameworks */ = {isa = PBXBuildFile; fileRef = 477B66755DAD4A9CB4E19525 /* libPods-RadarTests.a */; };
/* End PBXBuildFile section */

/* Begin PBXContainerItemProxy section */
		76D727CA187C523A00F3545E /* PBXContainerItemProxy */ = {
			isa = PBXContainerItemProxy;
			containerPortal = 76D7279C187C523900F3545E /* Project object */;
			proxyType = 1;
			remoteGlobalIDString = 76D727A3187C523900F3545E;
			remoteInfo = Radar;
		};
/* End PBXContainerItemProxy section */

/* Begin PBXFileReference section */
		13DA0B9C148D4F648817352A /* Pods.xcconfig */ = {isa = PBXFileReference; includeInIndex = 1; lastKnownFileType = text.xcconfig; name = Pods.xcconfig; path = Pods/Pods.xcconfig; sourceTree = "<group>"; };
		477B66755DAD4A9CB4E19525 /* libPods-RadarTests.a */ = {isa = PBXFileReference; explicitFileType = archive.ar; includeInIndex = 0; path = "libPods-RadarTests.a"; sourceTree = BUILT_PRODUCTS_DIR; };
		627960BB1888047D00474BCE /* TUIListActivitiesViewController.h */ = {isa = PBXFileReference; fileEncoding = 4; lastKnownFileType = sourcecode.c.h; name = TUIListActivitiesViewController.h; path = Modules/Search/View/TUIListActivitiesViewController.h; sourceTree = "<group>"; };
		627960BC1888047D00474BCE /* TUIListActivitiesViewController.m */ = {isa = PBXFileReference; fileEncoding = 4; lastKnownFileType = sourcecode.c.objc; name = TUIListActivitiesViewController.m; path = Modules/Search/View/TUIListActivitiesViewController.m; sourceTree = "<group>"; };
		627960BE188804D900474BCE /* TUIListActivitiesCell.h */ = {isa = PBXFileReference; fileEncoding = 4; lastKnownFileType = sourcecode.c.h; name = TUIListActivitiesCell.h; path = Modules/Search/View/TUIListActivitiesCell.h; sourceTree = "<group>"; };
		627960BF188804D900474BCE /* TUIListActivitiesCell.m */ = {isa = PBXFileReference; fileEncoding = 4; lastKnownFileType = sourcecode.c.objc; name = TUIListActivitiesCell.m; path = Modules/Search/View/TUIListActivitiesCell.m; sourceTree = "<group>"; };
		627A41841889390300926DB6 /* tmp */ = {isa = PBXFileReference; lastKnownFileType = folder; name = tmp; path = Resources/tmp; sourceTree = "<group>"; };
		627A418818893CE600926DB6 /* MapKit.framework */ = {isa = PBXFileReference; lastKnownFileType = wrapper.framework; name = MapKit.framework; path = System/Library/Frameworks/MapKit.framework; sourceTree = SDKROOT; };
		6282BF0C18895E86005CC250 /* mapa.plist */ = {isa = PBXFileReference; fileEncoding = 4; lastKnownFileType = text.plist.xml; name = mapa.plist; path = Resources/mapa.plist; sourceTree = "<group>"; };
		6C704F2EBCBA4045A3C64B5A /* Pods-RadarTests.xcconfig */ = {isa = PBXFileReference; includeInIndex = 1; lastKnownFileType = text.xcconfig; name = "Pods-RadarTests.xcconfig"; path = "Pods/Pods-RadarTests.xcconfig"; sourceTree = "<group>"; };
		76D727A4187C523900F3545E /* Radar.app */ = {isa = PBXFileReference; explicitFileType = wrapper.application; includeInIndex = 0; path = Radar.app; sourceTree = BUILT_PRODUCTS_DIR; };
		76D727A7187C523900F3545E /* Foundation.framework */ = {isa = PBXFileReference; lastKnownFileType = wrapper.framework; name = Foundation.framework; path = System/Library/Frameworks/Foundation.framework; sourceTree = SDKROOT; };
		76D727A9187C523900F3545E /* CoreGraphics.framework */ = {isa = PBXFileReference; lastKnownFileType = wrapper.framework; name = CoreGraphics.framework; path = System/Library/Frameworks/CoreGraphics.framework; sourceTree = SDKROOT; };
		76D727AB187C523900F3545E /* UIKit.framework */ = {isa = PBXFileReference; lastKnownFileType = wrapper.framework; name = UIKit.framework; path = System/Library/Frameworks/UIKit.framework; sourceTree = SDKROOT; };
		76D727AF187C523A00F3545E /* Radar-Info.plist */ = {isa = PBXFileReference; lastKnownFileType = text.plist.xml; path = "Radar-Info.plist"; sourceTree = "<group>"; };
		76D727B1187C523A00F3545E /* en */ = {isa = PBXFileReference; lastKnownFileType = text.plist.strings; name = en; path = en.lproj/InfoPlist.strings; sourceTree = "<group>"; };
		76D727B3187C523A00F3545E /* main.m */ = {isa = PBXFileReference; lastKnownFileType = sourcecode.c.objc; path = main.m; sourceTree = "<group>"; };
		76D727B5187C523A00F3545E /* Radar-Prefix.pch */ = {isa = PBXFileReference; lastKnownFileType = sourcecode.c.h; path = "Radar-Prefix.pch"; sourceTree = "<group>"; };
		76D727B6187C523A00F3545E /* TUIAppDelegate.h */ = {isa = PBXFileReference; lastKnownFileType = sourcecode.c.h; path = TUIAppDelegate.h; sourceTree = "<group>"; };
		76D727B7187C523A00F3545E /* TUIAppDelegate.m */ = {isa = PBXFileReference; lastKnownFileType = sourcecode.c.objc; path = TUIAppDelegate.m; sourceTree = "<group>"; };
		76D727BA187C523A00F3545E /* Base */ = {isa = PBXFileReference; lastKnownFileType = file.storyboard; name = Base; path = Base.lproj/Main.storyboard; sourceTree = "<group>"; };
		76D727BF187C523A00F3545E /* Images.xcassets */ = {isa = PBXFileReference; lastKnownFileType = folder.assetcatalog; path = Images.xcassets; sourceTree = "<group>"; };
		76D727C5187C523A00F3545E /* RadarTests.xctest */ = {isa = PBXFileReference; explicitFileType = wrapper.cfbundle; includeInIndex = 0; path = RadarTests.xctest; sourceTree = BUILT_PRODUCTS_DIR; };
		76D727C6187C523A00F3545E /* XCTest.framework */ = {isa = PBXFileReference; lastKnownFileType = wrapper.framework; name = XCTest.framework; path = Library/Frameworks/XCTest.framework; sourceTree = DEVELOPER_DIR; };
		76D727CE187C523A00F3545E /* RadarTests-Info.plist */ = {isa = PBXFileReference; lastKnownFileType = text.plist.xml; path = "RadarTests-Info.plist"; sourceTree = "<group>"; };
		76D727D0187C523A00F3545E /* en */ = {isa = PBXFileReference; lastKnownFileType = text.plist.strings; name = en; path = en.lproj/InfoPlist.strings; sourceTree = "<group>"; };
		76D727E8187C5CC500F3545E /* TUIBaseController_Private.h */ = {isa = PBXFileReference; fileEncoding = 4; lastKnownFileType = sourcecode.c.h; name = TUIBaseController_Private.h; path = Modules/Base/Controller/TUIBaseController_Private.h; sourceTree = "<group>"; };
		76D727E9187C5CC500F3545E /* TUIBaseController.h */ = {isa = PBXFileReference; fileEncoding = 4; lastKnownFileType = sourcecode.c.h; name = TUIBaseController.h; path = Modules/Base/Controller/TUIBaseController.h; sourceTree = "<group>"; };
		76D727EA187C5CC500F3545E /* TUIBaseController.m */ = {isa = PBXFileReference; fileEncoding = 4; lastKnownFileType = sourcecode.c.objc; name = TUIBaseController.m; path = Modules/Base/Controller/TUIBaseController.m; sourceTree = "<group>"; };
		76D727EB187C5CC500F3545E /* TUIBaseViewController_Private.h */ = {isa = PBXFileReference; fileEncoding = 4; lastKnownFileType = sourcecode.c.h; name = TUIBaseViewController_Private.h; path = Modules/Base/Controller/TUIBaseViewController_Private.h; sourceTree = "<group>"; };
		76D727EC187C5CC500F3545E /* TUIBaseViewController.h */ = {isa = PBXFileReference; fileEncoding = 4; lastKnownFileType = sourcecode.c.h; name = TUIBaseViewController.h; path = Modules/Base/Controller/TUIBaseViewController.h; sourceTree = "<group>"; };
		76D727ED187C5CC500F3545E /* TUIBaseViewController.m */ = {isa = PBXFileReference; fileEncoding = 4; lastKnownFileType = sourcecode.c.objc; name = TUIBaseViewController.m; path = Modules/Base/Controller/TUIBaseViewController.m; sourceTree = "<group>"; };
		76D727F0187C5CDB00F3545E /* TUIBaseMapAnnotation.h */ = {isa = PBXFileReference; fileEncoding = 4; lastKnownFileType = sourcecode.c.h; name = TUIBaseMapAnnotation.h; path = Modules/Base/Model/TUIBaseMapAnnotation.h; sourceTree = "<group>"; };
		76D727F1187C5CDB00F3545E /* TUIBaseMapAnnotation.m */ = {isa = PBXFileReference; fileEncoding = 4; lastKnownFileType = sourcecode.c.objc; name = TUIBaseMapAnnotation.m; path = Modules/Base/Model/TUIBaseMapAnnotation.m; sourceTree = "<group>"; };
		76D727F2187C5CDB00F3545E /* TUIBaseModel.h */ = {isa = PBXFileReference; fileEncoding = 4; lastKnownFileType = sourcecode.c.h; name = TUIBaseModel.h; path = Modules/Base/Model/TUIBaseModel.h; sourceTree = "<group>"; };
		76D727F3187C5CDB00F3545E /* TUIBaseModel.m */ = {isa = PBXFileReference; fileEncoding = 4; lastKnownFileType = sourcecode.c.objc; name = TUIBaseModel.m; path = Modules/Base/Model/TUIBaseModel.m; sourceTree = "<group>"; };
		76D727F4187C5CDB00F3545E /* TUISerializable.h */ = {isa = PBXFileReference; fileEncoding = 4; lastKnownFileType = sourcecode.c.h; name = TUISerializable.h; path = Modules/Base/Model/TUISerializable.h; sourceTree = "<group>"; };
		76D727F7187C5CF000F3545E /* TUIBaseLabel_Private.h */ = {isa = PBXFileReference; fileEncoding = 4; lastKnownFileType = sourcecode.c.h; name = TUIBaseLabel_Private.h; path = Modules/Base/View/TUIBaseLabel_Private.h; sourceTree = "<group>"; };
		76D727F8187C5CF000F3545E /* TUIBaseLabel.h */ = {isa = PBXFileReference; fileEncoding = 4; lastKnownFileType = sourcecode.c.h; name = TUIBaseLabel.h; path = Modules/Base/View/TUIBaseLabel.h; sourceTree = "<group>"; };
		76D727F9187C5CF000F3545E /* TUIBaseLabel.m */ = {isa = PBXFileReference; fileEncoding = 4; lastKnownFileType = sourcecode.c.objc; name = TUIBaseLabel.m; path = Modules/Base/View/TUIBaseLabel.m; sourceTree = "<group>"; };
		76D727FA187C5CF000F3545E /* TUIBaseView_Private.h */ = {isa = PBXFileReference; fileEncoding = 4; lastKnownFileType = sourcecode.c.h; name = TUIBaseView_Private.h; path = Modules/Base/View/TUIBaseView_Private.h; sourceTree = "<group>"; };
		76D727FB187C5CF000F3545E /* TUIBaseView.h */ = {isa = PBXFileReference; fileEncoding = 4; lastKnownFileType = sourcecode.c.h; name = TUIBaseView.h; path = Modules/Base/View/TUIBaseView.h; sourceTree = "<group>"; };
		76D727FC187C5CF000F3545E /* TUIBaseView.m */ = {isa = PBXFileReference; fileEncoding = 4; lastKnownFileType = sourcecode.c.objc; name = TUIBaseView.m; path = Modules/Base/View/TUIBaseView.m; sourceTree = "<group>"; };
		76D72800187C5D5600F3545E /* Accessibility.h */ = {isa = PBXFileReference; lastKnownFileType = sourcecode.c.h; name = Accessibility.h; path = Modules/Shared/Constants/Accessibility.h; sourceTree = "<group>"; };
		76D72801187C5D5600F3545E /* Constants.h */ = {isa = PBXFileReference; lastKnownFileType = sourcecode.c.h; name = Constants.h; path = Modules/Shared/Constants/Constants.h; sourceTree = "<group>"; };
		76D72802187C5D5600F3545E /* Fonts.h */ = {isa = PBXFileReference; lastKnownFileType = sourcecode.c.h; name = Fonts.h; path = Modules/Shared/Constants/Fonts.h; sourceTree = "<group>"; };
		76D72803187C5D5600F3545E /* Layout.h */ = {isa = PBXFileReference; lastKnownFileType = sourcecode.c.h; name = Layout.h; path = Modules/Shared/Constants/Layout.h; sourceTree = "<group>"; };
		76D72804187C5D5600F3545E /* Numbers.h */ = {isa = PBXFileReference; lastKnownFileType = sourcecode.c.h; name = Numbers.h; path = Modules/Shared/Constants/Numbers.h; sourceTree = "<group>"; };
		76D72805187C5D5600F3545E /* OSVersion.h */ = {isa = PBXFileReference; lastKnownFileType = sourcecode.c.h; name = OSVersion.h; path = Modules/Shared/Constants/OSVersion.h; sourceTree = "<group>"; };
		76D72806187C5D6F00F3545E /* NSString+TUIString.h */ = {isa = PBXFileReference; fileEncoding = 4; lastKnownFileType = sourcecode.c.h; name = "NSString+TUIString.h"; path = "Modules/Shared/Model/NSString+TUIString.h"; sourceTree = "<group>"; };
		76D72807187C5D6F00F3545E /* NSString+TUIString.m */ = {isa = PBXFileReference; fileEncoding = 4; lastKnownFileType = sourcecode.c.objc; name = "NSString+TUIString.m"; path = "Modules/Shared/Model/NSString+TUIString.m"; sourceTree = "<group>"; };
		76D72808187C5D6F00F3545E /* UIColor+TUIColors.h */ = {isa = PBXFileReference; fileEncoding = 4; lastKnownFileType = sourcecode.c.h; name = "UIColor+TUIColors.h"; path = "Modules/Shared/Model/UIColor+TUIColors.h"; sourceTree = "<group>"; };
		76D72809187C5D6F00F3545E /* UIColor+TUIColors.m */ = {isa = PBXFileReference; fileEncoding = 4; lastKnownFileType = sourcecode.c.objc; name = "UIColor+TUIColors.m"; path = "Modules/Shared/Model/UIColor+TUIColors.m"; sourceTree = "<group>"; };
		76D7280C187C5D8400F3545E /* TUITitleView.h */ = {isa = PBXFileReference; fileEncoding = 4; lastKnownFileType = sourcecode.c.h; name = TUITitleView.h; path = Modules/Shared/View/TUITitleView.h; sourceTree = "<group>"; };
		76D7280D187C5D8400F3545E /* TUITitleView.m */ = {isa = PBXFileReference; fileEncoding = 4; lastKnownFileType = sourcecode.c.objc; name = TUITitleView.m; path = Modules/Shared/View/TUITitleView.m; sourceTree = "<group>"; };
		76D7280E187C5D8400F3545E /* UIBarButtonItem+BackBarButtonItem.h */ = {isa = PBXFileReference; fileEncoding = 4; lastKnownFileType = sourcecode.c.h; name = "UIBarButtonItem+BackBarButtonItem.h"; path = "Modules/Shared/View/UIBarButtonItem+BackBarButtonItem.h"; sourceTree = "<group>"; };
		76D7280F187C5D8400F3545E /* UIBarButtonItem+BackBarButtonItem.m */ = {isa = PBXFileReference; fileEncoding = 4; lastKnownFileType = sourcecode.c.objc; name = "UIBarButtonItem+BackBarButtonItem.m"; path = "Modules/Shared/View/UIBarButtonItem+BackBarButtonItem.m"; sourceTree = "<group>"; };
		76D72817187C62B600F3545E /* NSString+TUIStringSpec.m */ = {isa = PBXFileReference; fileEncoding = 4; lastKnownFileType = sourcecode.c.objc; name = "NSString+TUIStringSpec.m"; path = "Modules/Shared/Model/NSString+TUIStringSpec.m"; sourceTree = "<group>"; };
		76D72819187C62D000F3545E /* TUIBaseMapAnnotationSpec.m */ = {isa = PBXFileReference; fileEncoding = 4; lastKnownFileType = sourcecode.c.objc; name = TUIBaseMapAnnotationSpec.m; path = Modules/Base/Model/TUIBaseMapAnnotationSpec.m; sourceTree = "<group>"; };
		76D7281A187C62D000F3545E /* TUIBaseModelSpec.m */ = {isa = PBXFileReference; fileEncoding = 4; lastKnownFileType = sourcecode.c.objc; name = TUIBaseModelSpec.m; path = Modules/Base/Model/TUIBaseModelSpec.m; sourceTree = "<group>"; };
		76D7281D187C62E100F3545E /* TUIBaseControllerSpec.m */ = {isa = PBXFileReference; fileEncoding = 4; lastKnownFileType = sourcecode.c.objc; name = TUIBaseControllerSpec.m; path = Modules/Base/Controller/TUIBaseControllerSpec.m; sourceTree = "<group>"; };
		76D7281E187C62E100F3545E /* TUIBaseViewControllerSpec.m */ = {isa = PBXFileReference; fileEncoding = 4; lastKnownFileType = sourcecode.c.objc; name = TUIBaseViewControllerSpec.m; path = Modules/Base/Controller/TUIBaseViewControllerSpec.m; sourceTree = "<group>"; };
		76D72821187D440800F3545E /* TUISearchViewController.h */ = {isa = PBXFileReference; fileEncoding = 4; lastKnownFileType = sourcecode.c.h; name = TUISearchViewController.h; path = Modules/Search/Controller/TUISearchViewController.h; sourceTree = "<group>"; };
		76D72822187D440800F3545E /* TUISearchViewController.m */ = {isa = PBXFileReference; fileEncoding = 4; lastKnownFileType = sourcecode.c.objc; name = TUISearchViewController.m; path = Modules/Search/Controller/TUISearchViewController.m; sourceTree = "<group>"; };
		76D72824187D473C00F3545E /* Segue.h */ = {isa = PBXFileReference; lastKnownFileType = sourcecode.c.h; name = Segue.h; path = Modules/Shared/Constants/Segue.h; sourceTree = "<group>"; };
		76D7282D187D629C00F3545E /* en */ = {isa = PBXFileReference; lastKnownFileType = text.plist.strings; name = en; path = en.lproj/Localizable.strings; sourceTree = "<group>"; };
		76D72836187D98F200F3545E /* TUISettingsViewController.h */ = {isa = PBXFileReference; fileEncoding = 4; lastKnownFileType = sourcecode.c.h; name = TUISettingsViewController.h; path = Modules/Settings/Controller/TUISettingsViewController.h; sourceTree = "<group>"; };
		76D72837187D98F200F3545E /* TUISettingsViewController.m */ = {isa = PBXFileReference; fileEncoding = 4; lastKnownFileType = sourcecode.c.objc; name = TUISettingsViewController.m; path = Modules/Settings/Controller/TUISettingsViewController.m; sourceTree = "<group>"; };
		76D7283B187D990000F3545E /* TUISettingsWeatherView.h */ = {isa = PBXFileReference; fileEncoding = 4; lastKnownFileType = sourcecode.c.h; name = TUISettingsWeatherView.h; path = Modules/Settings/View/TUISettingsWeatherView.h; sourceTree = "<group>"; };
		76D7283C187D990000F3545E /* TUISettingsWeatherView.m */ = {isa = PBXFileReference; fileEncoding = 4; lastKnownFileType = sourcecode.c.objc; name = TUISettingsWeatherView.m; path = Modules/Settings/View/TUISettingsWeatherView.m; sourceTree = "<group>"; };
		76D7283F187DA84600F3545E /* TUISettingsLocationView.h */ = {isa = PBXFileReference; fileEncoding = 4; lastKnownFileType = sourcecode.c.h; name = TUISettingsLocationView.h; path = Modules/Settings/View/TUISettingsLocationView.h; sourceTree = "<group>"; };
		76D72840187DA84600F3545E /* TUISettingsLocationView.m */ = {isa = PBXFileReference; fileEncoding = 4; lastKnownFileType = sourcecode.c.objc; name = TUISettingsLocationView.m; path = Modules/Settings/View/TUISettingsLocationView.m; sourceTree = "<group>"; };
		76D72842187DBA2200F3545E /* TUISettingsTimeView.h */ = {isa = PBXFileReference; fileEncoding = 4; lastKnownFileType = sourcecode.c.h; name = TUISettingsTimeView.h; path = Modules/Settings/View/TUISettingsTimeView.h; sourceTree = "<group>"; };
		76D72843187DBA2200F3545E /* TUISettingsTimeView.m */ = {isa = PBXFileReference; fileEncoding = 4; lastKnownFileType = sourcecode.c.objc; name = TUISettingsTimeView.m; path = Modules/Settings/View/TUISettingsTimeView.m; sourceTree = "<group>"; };
		76D72847187EC7BE00F3545E /* TUICache.h */ = {isa = PBXFileReference; fileEncoding = 4; lastKnownFileType = sourcecode.c.h; name = TUICache.h; path = Modules/Cache/Model/TUICache.h; sourceTree = "<group>"; };
		76D72848187EC7BE00F3545E /* TUICache.m */ = {isa = PBXFileReference; fileEncoding = 4; lastKnownFileType = sourcecode.c.objc; name = TUICache.m; path = Modules/Cache/Model/TUICache.m; sourceTree = "<group>"; };
		76D7284A187EC87F00F3545E /* TUIBaseCachedModel.h */ = {isa = PBXFileReference; fileEncoding = 4; lastKnownFileType = sourcecode.c.h; name = TUIBaseCachedModel.h; path = Modules/Base/Model/TUIBaseCachedModel.h; sourceTree = "<group>"; };
		76D7284B187EC87F00F3545E /* TUIBaseCachedModel.m */ = {isa = PBXFileReference; fileEncoding = 4; lastKnownFileType = sourcecode.c.objc; name = TUIBaseCachedModel.m; path = Modules/Base/Model/TUIBaseCachedModel.m; sourceTree = "<group>"; };
		76D7284D187EC91100F3545E /* TUIBaseCachedModelSpec.m */ = {isa = PBXFileReference; fileEncoding = 4; lastKnownFileType = sourcecode.c.objc; name = TUIBaseCachedModelSpec.m; path = Modules/Base/Model/TUIBaseCachedModelSpec.m; sourceTree = "<group>"; };
		76D7284F187ECA8B00F3545E /* NSDictionary+JSON.h */ = {isa = PBXFileReference; fileEncoding = 4; lastKnownFileType = sourcecode.c.h; name = "NSDictionary+JSON.h"; path = "Modules/Shared/Model/NSDictionary+JSON.h"; sourceTree = "<group>"; };
		76D72850187ECA8B00F3545E /* NSDictionary+JSON.m */ = {isa = PBXFileReference; fileEncoding = 4; lastKnownFileType = sourcecode.c.objc; name = "NSDictionary+JSON.m"; path = "Modules/Shared/Model/NSDictionary+JSON.m"; sourceTree = "<group>"; };
		76D72851187ECA8B00F3545E /* NSString+JSON.h */ = {isa = PBXFileReference; fileEncoding = 4; lastKnownFileType = sourcecode.c.h; name = "NSString+JSON.h"; path = "Modules/Shared/Model/NSString+JSON.h"; sourceTree = "<group>"; };
		76D72852187ECA8B00F3545E /* NSString+JSON.m */ = {isa = PBXFileReference; fileEncoding = 4; lastKnownFileType = sourcecode.c.objc; name = "NSString+JSON.m"; path = "Modules/Shared/Model/NSString+JSON.m"; sourceTree = "<group>"; };
		76D72857187ECBE400F3545E /* TUICacheSpec.m */ = {isa = PBXFileReference; fileEncoding = 4; lastKnownFileType = sourcecode.c.objc; name = TUICacheSpec.m; path = Modules/Cache/Model/TUICacheSpec.m; sourceTree = "<group>"; };
		76D72858187ECBE400F3545E /* TUITestSerializableObject.h */ = {isa = PBXFileReference; fileEncoding = 4; lastKnownFileType = sourcecode.c.h; name = TUITestSerializableObject.h; path = Modules/Cache/Model/TUITestSerializableObject.h; sourceTree = "<group>"; };
		76D72859187ECBE400F3545E /* TUITestSerializableObject.m */ = {isa = PBXFileReference; fileEncoding = 4; lastKnownFileType = sourcecode.c.objc; name = TUITestSerializableObject.m; path = Modules/Cache/Model/TUITestSerializableObject.m; sourceTree = "<group>"; };
		76D7285D187ECE0000F3545E /* TUISettings.h */ = {isa = PBXFileReference; fileEncoding = 4; lastKnownFileType = sourcecode.c.h; name = TUISettings.h; path = Modules/Settings/Model/TUISettings.h; sourceTree = "<group>"; };
		76D7285E187ECE0000F3545E /* TUISettings.m */ = {isa = PBXFileReference; fileEncoding = 4; lastKnownFileType = sourcecode.c.objc; name = TUISettings.m; path = Modules/Settings/Model/TUISettings.m; sourceTree = "<group>"; };
		76D72860187ED22400F3545E /* Cache.h */ = {isa = PBXFileReference; lastKnownFileType = sourcecode.c.h; name = Cache.h; path = Modules/Shared/Constants/Cache.h; sourceTree = "<group>"; };
		76D72861187ED40200F3545E /* Settings.h */ = {isa = PBXFileReference; lastKnownFileType = sourcecode.c.h; name = Settings.h; path = Modules/Shared/Constants/Settings.h; sourceTree = "<group>"; };
		76D72864187EDA5900F3545E /* TUISettingsSpec.m */ = {isa = PBXFileReference; fileEncoding = 4; lastKnownFileType = sourcecode.c.objc; name = TUISettingsSpec.m; path = Modules/Settings/Model/TUISettingsSpec.m; sourceTree = "<group>"; };
		76D72866187FF5B100F3545E /* NSString+JSONSpec.m */ = {isa = PBXFileReference; fileEncoding = 4; lastKnownFileType = sourcecode.c.objc; name = "NSString+JSONSpec.m"; path = "Modules/Shared/Model/NSString+JSONSpec.m"; sourceTree = "<group>"; };
		76D72868187FF9CB00F3545E /* NSDictionary+JSONSpec.m */ = {isa = PBXFileReference; fileEncoding = 4; lastKnownFileType = sourcecode.c.objc; name = "NSDictionary+JSONSpec.m"; path = "Modules/Shared/Model/NSDictionary+JSONSpec.m"; sourceTree = "<group>"; };
		76D7286B1880003C00F3545E /* TUISettingsViewControllerSpec.m */ = {isa = PBXFileReference; fileEncoding = 4; lastKnownFileType = sourcecode.c.objc; name = TUISettingsViewControllerSpec.m; path = Modules/Settings/Controller/TUISettingsViewControllerSpec.m; sourceTree = "<group>"; };
		76D7286F1880197E00F3545E /* TUINetworkClient.h */ = {isa = PBXFileReference; fileEncoding = 4; lastKnownFileType = sourcecode.c.h; name = TUINetworkClient.h; path = Modules/Network/Model/TUINetworkClient.h; sourceTree = "<group>"; };
		76D728701880197E00F3545E /* TUINetworkClient.m */ = {isa = PBXFileReference; fileEncoding = 4; lastKnownFileType = sourcecode.c.objc; name = TUINetworkClient.m; path = Modules/Network/Model/TUINetworkClient.m; sourceTree = "<group>"; };
		76D728721880270D00F3545E /* Network.h */ = {isa = PBXFileReference; lastKnownFileType = sourcecode.c.h; name = Network.h; path = Modules/Shared/Constants/Network.h; sourceTree = "<group>"; };
		76D728731883DA3B00F3545E /* TUIParser.h */ = {isa = PBXFileReference; lastKnownFileType = sourcecode.c.h; name = TUIParser.h; path = Modules/Network/Model/TUIParser.h; sourceTree = "<group>"; };
		76D728761883DBA000F3545E /* TUIServerError.h */ = {isa = PBXFileReference; fileEncoding = 4; lastKnownFileType = sourcecode.c.h; name = TUIServerError.h; path = Modules/Error/Model/TUIServerError.h; sourceTree = "<group>"; };
		76D728771883DBA000F3545E /* TUIServerError.m */ = {isa = PBXFileReference; fileEncoding = 4; lastKnownFileType = sourcecode.c.objc; name = TUIServerError.m; path = Modules/Error/Model/TUIServerError.m; sourceTree = "<group>"; };
		76D728791883DC3C00F3545E /* TUIServerErrorParser.h */ = {isa = PBXFileReference; fileEncoding = 4; lastKnownFileType = sourcecode.c.h; name = TUIServerErrorParser.h; path = Modules/Error/Model/TUIServerErrorParser.h; sourceTree = "<group>"; };
		76D7287A1883DC3C00F3545E /* TUIServerErrorParser.m */ = {isa = PBXFileReference; fileEncoding = 4; lastKnownFileType = sourcecode.c.objc; name = TUIServerErrorParser.m; path = Modules/Error/Model/TUIServerErrorParser.m; sourceTree = "<group>"; };
		76D7287E1883DEF700F3545E /* TUIServerErrorSpec.m */ = {isa = PBXFileReference; fileEncoding = 4; lastKnownFileType = sourcecode.c.objc; name = TUIServerErrorSpec.m; path = Modules/Error/Model/TUIServerErrorSpec.m; sourceTree = "<group>"; };
		76D728801883E06800F3545E /* TUIServerErrorParserSpec.m */ = {isa = PBXFileReference; fileEncoding = 4; lastKnownFileType = sourcecode.c.objc; name = TUIServerErrorParserSpec.m; path = Modules/Error/Model/TUIServerErrorParserSpec.m; sourceTree = "<group>"; };
		76D728841883E80D00F3545E /* TUINetworkClientSpec.m */ = {isa = PBXFileReference; fileEncoding = 4; lastKnownFileType = sourcecode.c.objc; name = TUINetworkClientSpec.m; path = Modules/Network/Model/TUINetworkClientSpec.m; sourceTree = "<group>"; };
		76D728871883FFF000F3545E /* TUINetworkClient_Private.h */ = {isa = PBXFileReference; lastKnownFileType = sourcecode.c.h; name = TUINetworkClient_Private.h; path = Modules/Network/Model/TUINetworkClient_Private.h; sourceTree = "<group>"; };
		76D728881884018600F3545E /* TUISettingsViewController_Private.h */ = {isa = PBXFileReference; lastKnownFileType = sourcecode.c.h; name = TUISettingsViewController_Private.h; path = Modules/Settings/Controller/TUISettingsViewController_Private.h; sourceTree = "<group>"; };
		76D7288B18841CF200F3545E /* TUIApplicationController.h */ = {isa = PBXFileReference; fileEncoding = 4; lastKnownFileType = sourcecode.c.h; name = TUIApplicationController.h; path = Modules/Application/Controller/TUIApplicationController.h; sourceTree = "<group>"; };
		76D7288C18841CF200F3545E /* TUIApplicationController.m */ = {isa = PBXFileReference; fileEncoding = 4; lastKnownFileType = sourcecode.c.objc; name = TUIApplicationController.m; path = Modules/Application/Controller/TUIApplicationController.m; sourceTree = "<group>"; };
		76D7288F18854B4200F3545E /* images */ = {isa = PBXFileReference; lastKnownFileType = folder; name = images; path = Resources/images; sourceTree = "<group>"; };
		76D728931885585F00F3545E /* TUISpot.h */ = {isa = PBXFileReference; fileEncoding = 4; lastKnownFileType = sourcecode.c.h; name = TUISpot.h; path = Modules/Spots/Model/TUISpot.h; sourceTree = "<group>"; };
		76D728941885585F00F3545E /* TUISpot.m */ = {isa = PBXFileReference; fileEncoding = 4; lastKnownFileType = sourcecode.c.objc; name = TUISpot.m; path = Modules/Spots/Model/TUISpot.m; sourceTree = "<group>"; };
		EFEA3BF1EC8242E485E23BF5 /* libPods.a */ = {isa = PBXFileReference; explicitFileType = archive.ar; includeInIndex = 0; path = libPods.a; sourceTree = BUILT_PRODUCTS_DIR; };
/* End PBXFileReference section */

/* Begin PBXFrameworksBuildPhase section */
		76D727A1187C523900F3545E /* Frameworks */ = {
			isa = PBXFrameworksBuildPhase;
			buildActionMask = 2147483647;
			files = (
				627A418918893CE600926DB6 /* MapKit.framework in Frameworks */,
				76D727AA187C523900F3545E /* CoreGraphics.framework in Frameworks */,
				76D727A8187C523900F3545E /* Foundation.framework in Frameworks */,
				38B136DFD47540C18913D650 /* libPods.a in Frameworks */,
				76D727AC187C523900F3545E /* UIKit.framework in Frameworks */,
			);
			runOnlyForDeploymentPostprocessing = 0;
		};
		76D727C2187C523A00F3545E /* Frameworks */ = {
			isa = PBXFrameworksBuildPhase;
			buildActionMask = 2147483647;
			files = (
				76D727C8187C523A00F3545E /* Foundation.framework in Frameworks */,
				CBBCF2A1B6554BAAA61B6040 /* libPods-RadarTests.a in Frameworks */,
				76D727C9187C523A00F3545E /* UIKit.framework in Frameworks */,
				76D727C7187C523A00F3545E /* XCTest.framework in Frameworks */,
			);
			runOnlyForDeploymentPostprocessing = 0;
		};
/* End PBXFrameworksBuildPhase section */

/* Begin PBXGroup section */
		76D7279B187C523900F3545E = {
			isa = PBXGroup;
			children = (
				76D727A6187C523900F3545E /* Frameworks */,
				76D727A5187C523900F3545E /* Products */,
				76D727AD187C523A00F3545E /* Radar */,
				76D727CC187C523A00F3545E /* RadarTests */,
				6C704F2EBCBA4045A3C64B5A /* Pods-RadarTests.xcconfig */,
				13DA0B9C148D4F648817352A /* Pods.xcconfig */,
			);
			sourceTree = "<group>";
		};
		76D727A5187C523900F3545E /* Products */ = {
			isa = PBXGroup;
			children = (
				76D727A4187C523900F3545E /* Radar.app */,
				76D727C5187C523A00F3545E /* RadarTests.xctest */,
			);
			name = Products;
			sourceTree = "<group>";
		};
		76D727A6187C523900F3545E /* Frameworks */ = {
			isa = PBXGroup;
			children = (
				627A418818893CE600926DB6 /* MapKit.framework */,
				76D727A9187C523900F3545E /* CoreGraphics.framework */,
				76D727A7187C523900F3545E /* Foundation.framework */,
				477B66755DAD4A9CB4E19525 /* libPods-RadarTests.a */,
				EFEA3BF1EC8242E485E23BF5 /* libPods.a */,
				76D727AB187C523900F3545E /* UIKit.framework */,
				76D727C6187C523A00F3545E /* XCTest.framework */,
			);
			name = Frameworks;
			sourceTree = "<group>";
		};
		76D727AD187C523A00F3545E /* Radar */ = {
			isa = PBXGroup;
			children = (
				76D7288918841C9400F3545E /* Application */,
				76D727DC187C58E400F3545E /* Base */,
				76D72845187EC77100F3545E /* Cache */,
				76D728741883DAA300F3545E /* Error */,
				76D7286D188018F700F3545E /* Network */,
				76D7288E18854B2200F3545E /* Resources */,
				76D727E4187C596600F3545E /* Search */,
				76D72825187D479400F3545E /* Settings */,
				76D727DD187C58F100F3545E /* Shared */,
				76D728911885580600F3545E /* Spots */,
				76D727AE187C523A00F3545E /* Supporting Files */,
				76D727BF187C523A00F3545E /* Images.xcassets */,
				76D727B9187C523A00F3545E /* Main.storyboard */,
				76D727B6187C523A00F3545E /* TUIAppDelegate.h */,
				76D727B7187C523A00F3545E /* TUIAppDelegate.m */,
			);
			path = Radar;
			sourceTree = "<group>";
		};
		76D727AE187C523A00F3545E /* Supporting Files */ = {
			isa = PBXGroup;
			children = (
				76D727B0187C523A00F3545E /* InfoPlist.strings */,
				76D7282C187D629C00F3545E /* Localizable.strings */,
				76D727B3187C523A00F3545E /* main.m */,
				76D727AF187C523A00F3545E /* Radar-Info.plist */,
				76D727B5187C523A00F3545E /* Radar-Prefix.pch */,
			);
			name = "Supporting Files";
			sourceTree = "<group>";
		};
		76D727CC187C523A00F3545E /* RadarTests */ = {
			isa = PBXGroup;
			children = (
				76D72812187C60F000F3545E /* Base */,
				76D72855187ECBBD00F3545E /* Cache */,
				76D7287C1883DE9900F3545E /* Error */,
				76D728821883E7C100F3545E /* Network */,
				76D72862187ED98B00F3545E /* Settings */,
				76D72815187C613F00F3545E /* Shared */,
				76D727CD187C523A00F3545E /* Supporting Files */,
			);
			path = RadarTests;
			sourceTree = "<group>";
		};
		76D727CD187C523A00F3545E /* Supporting Files */ = {
			isa = PBXGroup;
			children = (
				76D727CF187C523A00F3545E /* InfoPlist.strings */,
				76D727CE187C523A00F3545E /* RadarTests-Info.plist */,
			);
			name = "Supporting Files";
			sourceTree = "<group>";
		};
		76D727DC187C58E400F3545E /* Base */ = {
			isa = PBXGroup;
			children = (
				76D727E0187C590E00F3545E /* Controller */,
				76D727DE187C58FA00F3545E /* Model */,
				76D727DF187C590400F3545E /* View */,
			);
			name = Base;
			sourceTree = "<group>";
		};
		76D727DD187C58F100F3545E /* Shared */ = {
			isa = PBXGroup;
			children = (
				76D727FF187C5D3A00F3545E /* Constants */,
				76D727E1187C593700F3545E /* Controller */,
				76D727E2187C594100F3545E /* Model */,
				76D727E3187C594900F3545E /* View */,
			);
			name = Shared;
			sourceTree = "<group>";
		};
		76D727DE187C58FA00F3545E /* Model */ = {
			isa = PBXGroup;
			children = (
				76D7284A187EC87F00F3545E /* TUIBaseCachedModel.h */,
				76D7284B187EC87F00F3545E /* TUIBaseCachedModel.m */,
				76D727F0187C5CDB00F3545E /* TUIBaseMapAnnotation.h */,
				76D727F1187C5CDB00F3545E /* TUIBaseMapAnnotation.m */,
				76D727F2187C5CDB00F3545E /* TUIBaseModel.h */,
				76D727F3187C5CDB00F3545E /* TUIBaseModel.m */,
				76D727F4187C5CDB00F3545E /* TUISerializable.h */,
			);
			name = Model;
			sourceTree = "<group>";
		};
		76D727DF187C590400F3545E /* View */ = {
			isa = PBXGroup;
			children = (
				76D727F8187C5CF000F3545E /* TUIBaseLabel.h */,
				76D727F9187C5CF000F3545E /* TUIBaseLabel.m */,
				76D727F7187C5CF000F3545E /* TUIBaseLabel_Private.h */,
				76D727FB187C5CF000F3545E /* TUIBaseView.h */,
				76D727FC187C5CF000F3545E /* TUIBaseView.m */,
				76D727FA187C5CF000F3545E /* TUIBaseView_Private.h */,
			);
			name = View;
			sourceTree = "<group>";
		};
		76D727E0187C590E00F3545E /* Controller */ = {
			isa = PBXGroup;
			children = (
				76D727E9187C5CC500F3545E /* TUIBaseController.h */,
				76D727EA187C5CC500F3545E /* TUIBaseController.m */,
				76D727E8187C5CC500F3545E /* TUIBaseController_Private.h */,
				76D727EC187C5CC500F3545E /* TUIBaseViewController.h */,
				76D727ED187C5CC500F3545E /* TUIBaseViewController.m */,
				76D727EB187C5CC500F3545E /* TUIBaseViewController_Private.h */,
			);
			name = Controller;
			sourceTree = "<group>";
		};
		76D727E1187C593700F3545E /* Controller */ = {
			isa = PBXGroup;
			children = (
			);
			name = Controller;
			sourceTree = "<group>";
		};
		76D727E2187C594100F3545E /* Model */ = {
			isa = PBXGroup;
			children = (
				76D7284F187ECA8B00F3545E /* NSDictionary+JSON.h */,
				76D72850187ECA8B00F3545E /* NSDictionary+JSON.m */,
				76D72851187ECA8B00F3545E /* NSString+JSON.h */,
				76D72852187ECA8B00F3545E /* NSString+JSON.m */,
				76D72806187C5D6F00F3545E /* NSString+TUIString.h */,
				76D72807187C5D6F00F3545E /* NSString+TUIString.m */,
				76D72808187C5D6F00F3545E /* UIColor+TUIColors.h */,
				76D72809187C5D6F00F3545E /* UIColor+TUIColors.m */,
			);
			name = Model;
			sourceTree = "<group>";
		};
		76D727E3187C594900F3545E /* View */ = {
			isa = PBXGroup;
			children = (
				76D7280C187C5D8400F3545E /* TUITitleView.h */,
				76D7280D187C5D8400F3545E /* TUITitleView.m */,
				76D7280E187C5D8400F3545E /* UIBarButtonItem+BackBarButtonItem.h */,
				76D7280F187C5D8400F3545E /* UIBarButtonItem+BackBarButtonItem.m */,
			);
			name = View;
			sourceTree = "<group>";
		};
		76D727E4187C596600F3545E /* Search */ = {
			isa = PBXGroup;
			children = (
				76D727E7187C597F00F3545E /* Controller */,
				76D727E6187C597700F3545E /* Model */,
				76D727E5187C597000F3545E /* View */,
			);
			name = Search;
			sourceTree = "<group>";
		};
		76D727E5187C597000F3545E /* View */ = {
			isa = PBXGroup;
			children = (
				627960BB1888047D00474BCE /* TUIListActivitiesViewController.h */,
				627960BC1888047D00474BCE /* TUIListActivitiesViewController.m */,
				627960BE188804D900474BCE /* TUIListActivitiesCell.h */,
				627960BF188804D900474BCE /* TUIListActivitiesCell.m */,
			);
			name = View;
			sourceTree = "<group>";
		};
		76D727E6187C597700F3545E /* Model */ = {
			isa = PBXGroup;
			children = (
			);
			name = Model;
			sourceTree = "<group>";
		};
		76D727E7187C597F00F3545E /* Controller */ = {
			isa = PBXGroup;
			children = (
				76D72821187D440800F3545E /* TUISearchViewController.h */,
				76D72822187D440800F3545E /* TUISearchViewController.m */,
			);
			name = Controller;
			sourceTree = "<group>";
		};
		76D727FF187C5D3A00F3545E /* Constants */ = {
			isa = PBXGroup;
			children = (
				76D72800187C5D5600F3545E /* Accessibility.h */,
				76D72860187ED22400F3545E /* Cache.h */,
				76D72801187C5D5600F3545E /* Constants.h */,
				76D72802187C5D5600F3545E /* Fonts.h */,
				76D72803187C5D5600F3545E /* Layout.h */,
				76D728721880270D00F3545E /* Network.h */,
				76D72804187C5D5600F3545E /* Numbers.h */,
				76D72805187C5D5600F3545E /* OSVersion.h */,
				76D72824187D473C00F3545E /* Segue.h */,
				76D72861187ED40200F3545E /* Settings.h */,
			);
			name = Constants;
			sourceTree = "<group>";
		};
		76D72812187C60F000F3545E /* Base */ = {
			isa = PBXGroup;
			children = (
				76D72814187C612C00F3545E /* Controller */,
				76D72813187C60FB00F3545E /* Model */,
			);
			name = Base;
			sourceTree = "<group>";
		};
		76D72813187C60FB00F3545E /* Model */ = {
			isa = PBXGroup;
			children = (
				76D7284D187EC91100F3545E /* TUIBaseCachedModelSpec.m */,
				76D72819187C62D000F3545E /* TUIBaseMapAnnotationSpec.m */,
				76D7281A187C62D000F3545E /* TUIBaseModelSpec.m */,
			);
			name = Model;
			sourceTree = "<group>";
		};
		76D72814187C612C00F3545E /* Controller */ = {
			isa = PBXGroup;
			children = (
				76D7281D187C62E100F3545E /* TUIBaseControllerSpec.m */,
				76D7281E187C62E100F3545E /* TUIBaseViewControllerSpec.m */,
			);
			name = Controller;
			sourceTree = "<group>";
		};
		76D72815187C613F00F3545E /* Shared */ = {
			isa = PBXGroup;
			children = (
				76D72816187C615B00F3545E /* Model */,
			);
			name = Shared;
			sourceTree = "<group>";
		};
		76D72816187C615B00F3545E /* Model */ = {
			isa = PBXGroup;
			children = (
				76D72868187FF9CB00F3545E /* NSDictionary+JSONSpec.m */,
				76D72866187FF5B100F3545E /* NSString+JSONSpec.m */,
				76D72817187C62B600F3545E /* NSString+TUIStringSpec.m */,
			);
			name = Model;
			sourceTree = "<group>";
		};
		76D72825187D479400F3545E /* Settings */ = {
			isa = PBXGroup;
			children = (
				76D72826187D47A800F3545E /* Controller */,
				76D7285C187ECDB700F3545E /* Model */,
				76D7282F187D653300F3545E /* View */,
			);
			name = Settings;
			sourceTree = "<group>";
		};
		76D72826187D47A800F3545E /* Controller */ = {
			isa = PBXGroup;
			children = (
				76D72836187D98F200F3545E /* TUISettingsViewController.h */,
				76D72837187D98F200F3545E /* TUISettingsViewController.m */,
				76D728881884018600F3545E /* TUISettingsViewController_Private.h */,
			);
			name = Controller;
			sourceTree = "<group>";
		};
		76D7282F187D653300F3545E /* View */ = {
			isa = PBXGroup;
			children = (
				76D7283F187DA84600F3545E /* TUISettingsLocationView.h */,
				76D72840187DA84600F3545E /* TUISettingsLocationView.m */,
				76D72842187DBA2200F3545E /* TUISettingsTimeView.h */,
				76D72843187DBA2200F3545E /* TUISettingsTimeView.m */,
				76D7283B187D990000F3545E /* TUISettingsWeatherView.h */,
				76D7283C187D990000F3545E /* TUISettingsWeatherView.m */,
			);
			name = View;
			sourceTree = "<group>";
		};
		76D72845187EC77100F3545E /* Cache */ = {
			isa = PBXGroup;
			children = (
				76D72846187EC77800F3545E /* Model */,
			);
			name = Cache;
			sourceTree = "<group>";
		};
		76D72846187EC77800F3545E /* Model */ = {
			isa = PBXGroup;
			children = (
				76D72847187EC7BE00F3545E /* TUICache.h */,
				76D72848187EC7BE00F3545E /* TUICache.m */,
			);
			name = Model;
			sourceTree = "<group>";
		};
		76D72855187ECBBD00F3545E /* Cache */ = {
			isa = PBXGroup;
			children = (
				76D72856187ECBC300F3545E /* Model */,
			);
			name = Cache;
			sourceTree = "<group>";
		};
		76D72856187ECBC300F3545E /* Model */ = {
			isa = PBXGroup;
			children = (
				76D72857187ECBE400F3545E /* TUICacheSpec.m */,
				76D72858187ECBE400F3545E /* TUITestSerializableObject.h */,
				76D72859187ECBE400F3545E /* TUITestSerializableObject.m */,
			);
			name = Model;
			sourceTree = "<group>";
		};
		76D7285C187ECDB700F3545E /* Model */ = {
			isa = PBXGroup;
			children = (
				76D7285D187ECE0000F3545E /* TUISettings.h */,
				76D7285E187ECE0000F3545E /* TUISettings.m */,
			);
			name = Model;
			sourceTree = "<group>";
		};
		76D72862187ED98B00F3545E /* Settings */ = {
			isa = PBXGroup;
			children = (
				76D7286A187FFFEE00F3545E /* Controller */,
				76D72863187ED9A000F3545E /* Model */,
			);
			name = Settings;
			sourceTree = "<group>";
		};
		76D72863187ED9A000F3545E /* Model */ = {
			isa = PBXGroup;
			children = (
				76D72864187EDA5900F3545E /* TUISettingsSpec.m */,
			);
			name = Model;
			sourceTree = "<group>";
		};
		76D7286A187FFFEE00F3545E /* Controller */ = {
			isa = PBXGroup;
			children = (
				76D7286B1880003C00F3545E /* TUISettingsViewControllerSpec.m */,
			);
			name = Controller;
			sourceTree = "<group>";
		};
		76D7286D188018F700F3545E /* Network */ = {
			isa = PBXGroup;
			children = (
				76D7286E1880190600F3545E /* Model */,
			);
			name = Network;
			sourceTree = "<group>";
		};
		76D7286E1880190600F3545E /* Model */ = {
			isa = PBXGroup;
			children = (
				76D7286F1880197E00F3545E /* TUINetworkClient.h */,
				76D728701880197E00F3545E /* TUINetworkClient.m */,
				76D728871883FFF000F3545E /* TUINetworkClient_Private.h */,
				76D728731883DA3B00F3545E /* TUIParser.h */,
			);
			name = Model;
			sourceTree = "<group>";
		};
		76D728741883DAA300F3545E /* Error */ = {
			isa = PBXGroup;
			children = (
				76D728751883DAB400F3545E /* Model */,
			);
			name = Error;
			sourceTree = "<group>";
		};
		76D728751883DAB400F3545E /* Model */ = {
			isa = PBXGroup;
			children = (
				76D728761883DBA000F3545E /* TUIServerError.h */,
				76D728771883DBA000F3545E /* TUIServerError.m */,
				76D728791883DC3C00F3545E /* TUIServerErrorParser.h */,
				76D7287A1883DC3C00F3545E /* TUIServerErrorParser.m */,
			);
			name = Model;
			sourceTree = "<group>";
		};
		76D7287C1883DE9900F3545E /* Error */ = {
			isa = PBXGroup;
			children = (
				76D7287D1883DEA100F3545E /* Model */,
			);
			name = Error;
			sourceTree = "<group>";
		};
		76D7287D1883DEA100F3545E /* Model */ = {
			isa = PBXGroup;
			children = (
				76D728801883E06800F3545E /* TUIServerErrorParserSpec.m */,
				76D7287E1883DEF700F3545E /* TUIServerErrorSpec.m */,
			);
			name = Model;
			sourceTree = "<group>";
		};
		76D728821883E7C100F3545E /* Network */ = {
			isa = PBXGroup;
			children = (
				76D728831883E7CC00F3545E /* Model */,
			);
			name = Network;
			sourceTree = "<group>";
		};
		76D728831883E7CC00F3545E /* Model */ = {
			isa = PBXGroup;
			children = (
				76D728841883E80D00F3545E /* TUINetworkClientSpec.m */,
			);
			name = Model;
			sourceTree = "<group>";
		};
		76D7288918841C9400F3545E /* Application */ = {
			isa = PBXGroup;
			children = (
				76D7288A18841C9F00F3545E /* Controller */,
			);
			name = Application;
			sourceTree = "<group>";
		};
		76D7288A18841C9F00F3545E /* Controller */ = {
			isa = PBXGroup;
			children = (
				76D7288B18841CF200F3545E /* TUIApplicationController.h */,
				76D7288C18841CF200F3545E /* TUIApplicationController.m */,
			);
			name = Controller;
			sourceTree = "<group>";
		};
		76D7288E18854B2200F3545E /* Resources */ = {
			isa = PBXGroup;
			children = (
				627A41841889390300926DB6 /* tmp */,
				76D7288F18854B4200F3545E /* images */,
				6282BF0C18895E86005CC250 /* mapa.plist */,
			);
			name = Resources;
			sourceTree = "<group>";
		};
		76D728911885580600F3545E /* Spots */ = {
			isa = PBXGroup;
			children = (
				76D728921885581D00F3545E /* Model */,
			);
			name = Spots;
			sourceTree = "<group>";
		};
		76D728921885581D00F3545E /* Model */ = {
			isa = PBXGroup;
			children = (
				76D728931885585F00F3545E /* TUISpot.h */,
				76D728941885585F00F3545E /* TUISpot.m */,
			);
			name = Model;
			sourceTree = "<group>";
		};
/* End PBXGroup section */

/* Begin PBXNativeTarget section */
		76D727A3187C523900F3545E /* Radar */ = {
			isa = PBXNativeTarget;
			buildConfigurationList = 76D727D6187C523A00F3545E /* Build configuration list for PBXNativeTarget "Radar" */;
			buildPhases = (
				8591D5E6BA45414283AA931A /* Check Pods Manifest.lock */,
				76D727A0187C523900F3545E /* Sources */,
				76D727A1187C523900F3545E /* Frameworks */,
				76D727A2187C523900F3545E /* Resources */,
				BA4D423223734F6FAF3FAE71 /* Copy Pods Resources */,
			);
			buildRules = (
			);
			dependencies = (
			);
			name = Radar;
			productName = Radar;
			productReference = 76D727A4187C523900F3545E /* Radar.app */;
			productType = "com.apple.product-type.application";
		};
		76D727C4187C523A00F3545E /* RadarTests */ = {
			isa = PBXNativeTarget;
			buildConfigurationList = 76D727D9187C523A00F3545E /* Build configuration list for PBXNativeTarget "RadarTests" */;
			buildPhases = (
				1C3210E5D9994E558266D6E5 /* Check Pods Manifest.lock */,
				76D727C1187C523A00F3545E /* Sources */,
				76D727C2187C523A00F3545E /* Frameworks */,
				76D727C3187C523A00F3545E /* Resources */,
				0FE37CFEAA174AF8975B5B5E /* Copy Pods Resources */,
			);
			buildRules = (
			);
			dependencies = (
				76D727CB187C523A00F3545E /* PBXTargetDependency */,
			);
			name = RadarTests;
			productName = RadarTests;
			productReference = 76D727C5187C523A00F3545E /* RadarTests.xctest */;
			productType = "com.apple.product-type.bundle.unit-test";
		};
/* End PBXNativeTarget section */

/* Begin PBXProject section */
		76D7279C187C523900F3545E /* Project object */ = {
			isa = PBXProject;
			attributes = {
				CLASSPREFIX = TUI;
				LastUpgradeCheck = 0500;
				ORGANIZATIONNAME = "Tui Travel A&D";
				TargetAttributes = {
					76D727C4187C523A00F3545E = {
						TestTargetID = 76D727A3187C523900F3545E;
					};
				};
			};
			buildConfigurationList = 76D7279F187C523900F3545E /* Build configuration list for PBXProject "Radar" */;
			compatibilityVersion = "Xcode 3.2";
			developmentRegion = English;
			hasScannedForEncodings = 0;
			knownRegions = (
				en,
				Base,
			);
			mainGroup = 76D7279B187C523900F3545E;
			productRefGroup = 76D727A5187C523900F3545E /* Products */;
			projectDirPath = "";
			projectRoot = "";
			targets = (
				76D727A3187C523900F3545E /* Radar */,
				76D727C4187C523A00F3545E /* RadarTests */,
			);
		};
/* End PBXProject section */

/* Begin PBXResourcesBuildPhase section */
		76D727A2187C523900F3545E /* Resources */ = {
			isa = PBXResourcesBuildPhase;
			buildActionMask = 2147483647;
			files = (
				627A41851889390300926DB6 /* tmp in Resources */,
				76D7289018854B4200F3545E /* images in Resources */,
				76D727C0187C523A00F3545E /* Images.xcassets in Resources */,
				76D727B2187C523A00F3545E /* InfoPlist.strings in Resources */,
				76D7282E187D629C00F3545E /* Localizable.strings in Resources */,
				6282BF0D18895E86005CC250 /* mapa.plist in Resources */,
				76D727BB187C523A00F3545E /* Main.storyboard in Resources */,
			);
			runOnlyForDeploymentPostprocessing = 0;
		};
		76D727C3187C523A00F3545E /* Resources */ = {
			isa = PBXResourcesBuildPhase;
			buildActionMask = 2147483647;
			files = (
				76D727D1187C523A00F3545E /* InfoPlist.strings in Resources */,
			);
			runOnlyForDeploymentPostprocessing = 0;
		};
/* End PBXResourcesBuildPhase section */

/* Begin PBXShellScriptBuildPhase section */
		0FE37CFEAA174AF8975B5B5E /* Copy Pods Resources */ = {
			isa = PBXShellScriptBuildPhase;
			buildActionMask = 2147483647;
			files = (
			);
			inputPaths = (
			);
			name = "Copy Pods Resources";
			outputPaths = (
			);
			runOnlyForDeploymentPostprocessing = 0;
			shellPath = /bin/sh;
			shellScript = "\"${SRCROOT}/Pods/Pods-RadarTests-resources.sh\"\n";
			showEnvVarsInLog = 0;
		};
		1C3210E5D9994E558266D6E5 /* Check Pods Manifest.lock */ = {
			isa = PBXShellScriptBuildPhase;
			buildActionMask = 2147483647;
			files = (
			);
			inputPaths = (
			);
			name = "Check Pods Manifest.lock";
			outputPaths = (
			);
			runOnlyForDeploymentPostprocessing = 0;
			shellPath = /bin/sh;
			shellScript = "diff \"${PODS_ROOT}/../Podfile.lock\" \"${PODS_ROOT}/Manifest.lock\" > /dev/null\nif [[ $? != 0 ]] ; then\n    cat << EOM\nerror: The sandbox is not in sync with the Podfile.lock. Run 'pod install' or update your CocoaPods installation.\nEOM\n    exit 1\nfi\n";
			showEnvVarsInLog = 0;
		};
		8591D5E6BA45414283AA931A /* Check Pods Manifest.lock */ = {
			isa = PBXShellScriptBuildPhase;
			buildActionMask = 2147483647;
			files = (
			);
			inputPaths = (
			);
			name = "Check Pods Manifest.lock";
			outputPaths = (
			);
			runOnlyForDeploymentPostprocessing = 0;
			shellPath = /bin/sh;
			shellScript = "diff \"${PODS_ROOT}/../Podfile.lock\" \"${PODS_ROOT}/Manifest.lock\" > /dev/null\nif [[ $? != 0 ]] ; then\n    cat << EOM\nerror: The sandbox is not in sync with the Podfile.lock. Run 'pod install' or update your CocoaPods installation.\nEOM\n    exit 1\nfi\n";
			showEnvVarsInLog = 0;
		};
		BA4D423223734F6FAF3FAE71 /* Copy Pods Resources */ = {
			isa = PBXShellScriptBuildPhase;
			buildActionMask = 2147483647;
			files = (
			);
			inputPaths = (
			);
			name = "Copy Pods Resources";
			outputPaths = (
			);
			runOnlyForDeploymentPostprocessing = 0;
			shellPath = /bin/sh;
			shellScript = "\"${SRCROOT}/Pods/Pods-resources.sh\"\n";
			showEnvVarsInLog = 0;
		};
/* End PBXShellScriptBuildPhase section */

/* Begin PBXSourcesBuildPhase section */
		76D727A0187C523900F3545E /* Sources */ = {
			isa = PBXSourcesBuildPhase;
			buildActionMask = 2147483647;
			files = (
				76D727B4187C523A00F3545E /* main.m in Sources */,
				76D72853187ECA8B00F3545E /* NSDictionary+JSON.m in Sources */,
				76D72854187ECA8B00F3545E /* NSString+JSON.m in Sources */,
				76D7280A187C5D6F00F3545E /* NSString+TUIString.m in Sources */,
				76D727B8187C523A00F3545E /* TUIAppDelegate.m in Sources */,
				76D7288D18841CF200F3545E /* TUIApplicationController.m in Sources */,
				76D7284C187EC87F00F3545E /* TUIBaseCachedModel.m in Sources */,
				76D727EE187C5CC500F3545E /* TUIBaseController.m in Sources */,
				76D727FD187C5CF000F3545E /* TUIBaseLabel.m in Sources */,
				76D727F5187C5CDB00F3545E /* TUIBaseMapAnnotation.m in Sources */,
				76D727F6187C5CDB00F3545E /* TUIBaseModel.m in Sources */,
				76D727FE187C5CF000F3545E /* TUIBaseView.m in Sources */,
				76D727EF187C5CC500F3545E /* TUIBaseViewController.m in Sources */,
				76D72849187EC7BE00F3545E /* TUICache.m in Sources */,
				76D728711880197E00F3545E /* TUINetworkClient.m in Sources */,
				76D72823187D440800F3545E /* TUISearchViewController.m in Sources */,
				76D728781883DBA000F3545E /* TUIServerError.m in Sources */,
				76D7287B1883DC3C00F3545E /* TUIServerErrorParser.m in Sources */,
				627960C0188804D900474BCE /* TUIListActivitiesCell.m in Sources */,
				76D7285F187ECE0000F3545E /* TUISettings.m in Sources */,
				76D72841187DA84600F3545E /* TUISettingsLocationView.m in Sources */,
				76D72844187DBA2200F3545E /* TUISettingsTimeView.m in Sources */,
				76D72838187D98F200F3545E /* TUISettingsViewController.m in Sources */,
				627960BD1888047D00474BCE /* TUIListActivitiesViewController.m in Sources */,
				76D7283E187D990000F3545E /* TUISettingsWeatherView.m in Sources */,
				76D728951885585F00F3545E /* TUISpot.m in Sources */,
				76D72810187C5D8400F3545E /* TUITitleView.m in Sources */,
				76D72811187C5D8400F3545E /* UIBarButtonItem+BackBarButtonItem.m in Sources */,
				76D7280B187C5D6F00F3545E /* UIColor+TUIColors.m in Sources */,
			);
			runOnlyForDeploymentPostprocessing = 0;
		};
		76D727C1187C523A00F3545E /* Sources */ = {
			isa = PBXSourcesBuildPhase;
			buildActionMask = 2147483647;
			files = (
				76D72869187FF9CB00F3545E /* NSDictionary+JSONSpec.m in Sources */,
				76D72867187FF5B100F3545E /* NSString+JSONSpec.m in Sources */,
				76D72818187C62B600F3545E /* NSString+TUIStringSpec.m in Sources */,
				76D7284E187EC91100F3545E /* TUIBaseCachedModelSpec.m in Sources */,
				76D7281F187C62E100F3545E /* TUIBaseControllerSpec.m in Sources */,
				76D7281B187C62D000F3545E /* TUIBaseMapAnnotationSpec.m in Sources */,
				76D7281C187C62D000F3545E /* TUIBaseModelSpec.m in Sources */,
				76D72820187C62E100F3545E /* TUIBaseViewControllerSpec.m in Sources */,
				76D7285A187ECBE400F3545E /* TUICacheSpec.m in Sources */,
				76D728851883E80D00F3545E /* TUINetworkClientSpec.m in Sources */,
				76D728811883E06800F3545E /* TUIServerErrorParserSpec.m in Sources */,
				76D7287F1883DEF700F3545E /* TUIServerErrorSpec.m in Sources */,
				76D72865187EDA5900F3545E /* TUISettingsSpec.m in Sources */,
				76D7286C1880003C00F3545E /* TUISettingsViewControllerSpec.m in Sources */,
				76D7285B187ECBE400F3545E /* TUITestSerializableObject.m in Sources */,
			);
			runOnlyForDeploymentPostprocessing = 0;
		};
/* End PBXSourcesBuildPhase section */

/* Begin PBXTargetDependency section */
		76D727CB187C523A00F3545E /* PBXTargetDependency */ = {
			isa = PBXTargetDependency;
			target = 76D727A3187C523900F3545E /* Radar */;
			targetProxy = 76D727CA187C523A00F3545E /* PBXContainerItemProxy */;
		};
/* End PBXTargetDependency section */

/* Begin PBXVariantGroup section */
		76D727B0187C523A00F3545E /* InfoPlist.strings */ = {
			isa = PBXVariantGroup;
			children = (
				76D727B1187C523A00F3545E /* en */,
			);
			name = InfoPlist.strings;
			sourceTree = "<group>";
		};
		76D727B9187C523A00F3545E /* Main.storyboard */ = {
			isa = PBXVariantGroup;
			children = (
				76D727BA187C523A00F3545E /* Base */,
			);
			name = Main.storyboard;
			sourceTree = "<group>";
		};
		76D727CF187C523A00F3545E /* InfoPlist.strings */ = {
			isa = PBXVariantGroup;
			children = (
				76D727D0187C523A00F3545E /* en */,
			);
			name = InfoPlist.strings;
			sourceTree = "<group>";
		};
		76D7282C187D629C00F3545E /* Localizable.strings */ = {
			isa = PBXVariantGroup;
			children = (
				76D7282D187D629C00F3545E /* en */,
			);
			name = Localizable.strings;
			sourceTree = "<group>";
		};
/* End PBXVariantGroup section */

/* Begin XCBuildConfiguration section */
		76D727D4187C523A00F3545E /* Debug */ = {
			isa = XCBuildConfiguration;
			buildSettings = {
				ALWAYS_SEARCH_USER_PATHS = NO;
				ARCHS = "$(ARCHS_STANDARD_INCLUDING_64_BIT)";
				CLANG_CXX_LANGUAGE_STANDARD = "gnu++0x";
				CLANG_CXX_LIBRARY = "libc++";
				CLANG_ENABLE_MODULES = YES;
				CLANG_ENABLE_OBJC_ARC = YES;
				CLANG_WARN_BOOL_CONVERSION = YES;
				CLANG_WARN_CONSTANT_CONVERSION = YES;
				CLANG_WARN_DIRECT_OBJC_ISA_USAGE = YES_ERROR;
				CLANG_WARN_EMPTY_BODY = YES;
				CLANG_WARN_ENUM_CONVERSION = YES;
				CLANG_WARN_INT_CONVERSION = YES;
				CLANG_WARN_OBJC_ROOT_CLASS = YES_ERROR;
				CLANG_WARN__DUPLICATE_METHOD_MATCH = YES;
				"CODE_SIGN_IDENTITY[sdk=iphoneos*]" = "iPhone Developer";
				COPY_PHASE_STRIP = NO;
				GCC_C_LANGUAGE_STANDARD = gnu99;
				GCC_DYNAMIC_NO_PIC = NO;
				GCC_OPTIMIZATION_LEVEL = 0;
				GCC_PREPROCESSOR_DEFINITIONS = (
					"DEBUG=1",
					"$(inherited)",
				);
				GCC_SYMBOLS_PRIVATE_EXTERN = NO;
				GCC_WARN_64_TO_32_BIT_CONVERSION = YES;
				GCC_WARN_ABOUT_RETURN_TYPE = YES_ERROR;
				GCC_WARN_UNDECLARED_SELECTOR = YES;
				GCC_WARN_UNINITIALIZED_AUTOS = YES;
				GCC_WARN_UNUSED_FUNCTION = YES;
				GCC_WARN_UNUSED_VARIABLE = YES;
				IPHONEOS_DEPLOYMENT_TARGET = 7.0;
				ONLY_ACTIVE_ARCH = YES;
				SDKROOT = iphoneos;
			};
			name = Debug;
		};
		76D727D5187C523A00F3545E /* Release */ = {
			isa = XCBuildConfiguration;
			buildSettings = {
				ALWAYS_SEARCH_USER_PATHS = NO;
				ARCHS = "$(ARCHS_STANDARD_INCLUDING_64_BIT)";
				CLANG_CXX_LANGUAGE_STANDARD = "gnu++0x";
				CLANG_CXX_LIBRARY = "libc++";
				CLANG_ENABLE_MODULES = YES;
				CLANG_ENABLE_OBJC_ARC = YES;
				CLANG_WARN_BOOL_CONVERSION = YES;
				CLANG_WARN_CONSTANT_CONVERSION = YES;
				CLANG_WARN_DIRECT_OBJC_ISA_USAGE = YES_ERROR;
				CLANG_WARN_EMPTY_BODY = YES;
				CLANG_WARN_ENUM_CONVERSION = YES;
				CLANG_WARN_INT_CONVERSION = YES;
				CLANG_WARN_OBJC_ROOT_CLASS = YES_ERROR;
				CLANG_WARN__DUPLICATE_METHOD_MATCH = YES;
				"CODE_SIGN_IDENTITY[sdk=iphoneos*]" = "iPhone Developer";
				COPY_PHASE_STRIP = YES;
				ENABLE_NS_ASSERTIONS = NO;
				GCC_C_LANGUAGE_STANDARD = gnu99;
				GCC_WARN_64_TO_32_BIT_CONVERSION = YES;
				GCC_WARN_ABOUT_RETURN_TYPE = YES_ERROR;
				GCC_WARN_UNDECLARED_SELECTOR = YES;
				GCC_WARN_UNINITIALIZED_AUTOS = YES;
				GCC_WARN_UNUSED_FUNCTION = YES;
				GCC_WARN_UNUSED_VARIABLE = YES;
				IPHONEOS_DEPLOYMENT_TARGET = 7.0;
				SDKROOT = iphoneos;
				VALIDATE_PRODUCT = YES;
			};
			name = Release;
		};
		76D727D7187C523A00F3545E /* Debug */ = {
			isa = XCBuildConfiguration;
			baseConfigurationReference = 13DA0B9C148D4F648817352A /* Pods.xcconfig */;
			buildSettings = {
				ASSETCATALOG_COMPILER_APPICON_NAME = AppIcon;
				ASSETCATALOG_COMPILER_LAUNCHIMAGE_NAME = LaunchImage;
				GCC_PRECOMPILE_PREFIX_HEADER = YES;
				GCC_PREFIX_HEADER = "Radar/Radar-Prefix.pch";
				INFOPLIST_FILE = "Radar/Radar-Info.plist";
				PRODUCT_NAME = "$(TARGET_NAME)";
				WRAPPER_EXTENSION = app;
			};
			name = Debug;
		};
		76D727D8187C523A00F3545E /* Release */ = {
			isa = XCBuildConfiguration;
			baseConfigurationReference = 13DA0B9C148D4F648817352A /* Pods.xcconfig */;
			buildSettings = {
				ASSETCATALOG_COMPILER_APPICON_NAME = AppIcon;
				ASSETCATALOG_COMPILER_LAUNCHIMAGE_NAME = LaunchImage;
				GCC_PRECOMPILE_PREFIX_HEADER = YES;
				GCC_PREFIX_HEADER = "Radar/Radar-Prefix.pch";
				INFOPLIST_FILE = "Radar/Radar-Info.plist";
				PRODUCT_NAME = "$(TARGET_NAME)";
				WRAPPER_EXTENSION = app;
			};
			name = Release;
		};
		76D727DA187C523A00F3545E /* Debug */ = {
			isa = XCBuildConfiguration;
			baseConfigurationReference = 6C704F2EBCBA4045A3C64B5A /* Pods-RadarTests.xcconfig */;
			buildSettings = {
				ARCHS = "$(ARCHS_STANDARD_INCLUDING_64_BIT)";
				BUNDLE_LOADER = "$(BUILT_PRODUCTS_DIR)/Radar.app/Radar";
				FRAMEWORK_SEARCH_PATHS = (
					"$(SDKROOT)/Developer/Library/Frameworks",
					"$(inherited)",
					"$(DEVELOPER_FRAMEWORKS_DIR)",
				);
				GCC_PRECOMPILE_PREFIX_HEADER = YES;
				GCC_PREFIX_HEADER = "Radar/Radar-Prefix.pch";
				GCC_PREPROCESSOR_DEFINITIONS = (
					"DEBUG=1",
					"$(inherited)",
				);
				INFOPLIST_FILE = "RadarTests/RadarTests-Info.plist";
				PRODUCT_NAME = "$(TARGET_NAME)";
				TEST_HOST = "$(BUNDLE_LOADER)";
				WRAPPER_EXTENSION = xctest;
			};
			name = Debug;
		};
		76D727DB187C523A00F3545E /* Release */ = {
			isa = XCBuildConfiguration;
			baseConfigurationReference = 6C704F2EBCBA4045A3C64B5A /* Pods-RadarTests.xcconfig */;
			buildSettings = {
				ARCHS = "$(ARCHS_STANDARD_INCLUDING_64_BIT)";
				BUNDLE_LOADER = "$(BUILT_PRODUCTS_DIR)/Radar.app/Radar";
				FRAMEWORK_SEARCH_PATHS = (
					"$(SDKROOT)/Developer/Library/Frameworks",
					"$(inherited)",
					"$(DEVELOPER_FRAMEWORKS_DIR)",
				);
				GCC_PRECOMPILE_PREFIX_HEADER = YES;
				GCC_PREFIX_HEADER = "Radar/Radar-Prefix.pch";
				INFOPLIST_FILE = "RadarTests/RadarTests-Info.plist";
				PRODUCT_NAME = "$(TARGET_NAME)";
				TEST_HOST = "$(BUNDLE_LOADER)";
				WRAPPER_EXTENSION = xctest;
			};
			name = Release;
		};
/* End XCBuildConfiguration section */

/* Begin XCConfigurationList section */
		76D7279F187C523900F3545E /* Build configuration list for PBXProject "Radar" */ = {
			isa = XCConfigurationList;
			buildConfigurations = (
				76D727D4187C523A00F3545E /* Debug */,
				76D727D5187C523A00F3545E /* Release */,
			);
			defaultConfigurationIsVisible = 0;
			defaultConfigurationName = Release;
		};
		76D727D6187C523A00F3545E /* Build configuration list for PBXNativeTarget "Radar" */ = {
			isa = XCConfigurationList;
			buildConfigurations = (
				76D727D7187C523A00F3545E /* Debug */,
				76D727D8187C523A00F3545E /* Release */,
			);
			defaultConfigurationIsVisible = 0;
			defaultConfigurationName = Release;
		};
		76D727D9187C523A00F3545E /* Build configuration list for PBXNativeTarget "RadarTests" */ = {
			isa = XCConfigurationList;
			buildConfigurations = (
				76D727DA187C523A00F3545E /* Debug */,
				76D727DB187C523A00F3545E /* Release */,
			);
			defaultConfigurationIsVisible = 0;
			defaultConfigurationName = Release;
		};
/* End XCConfigurationList section */
	};
	rootObject = 76D7279C187C523900F3545E /* Project object */;
}
